{
  "name": "quantumworld",
  "version": "1.0.0",
  "lockfileVersion": 1,
  "requires": true,
  "dependencies": {
    "jsqubits": {
      "version": "2.1.1",
      "resolved": "https://registry.npmjs.org/jsqubits/-/jsqubits-2.1.1.tgz",
      "integrity": "sha512-tZQAKWDbRwdussXdF9l8TeQSn6tHXfnFQrcim7HkwZKRrHiRJ1ql9fMCM/24TOp6xfTVV5eqeVu8p2ues13EaQ=="
    }
  }
}
